{
  "version": 1,
  "dependencies": {
    "net10.0": {
      "JAG.Capsule": {
        "type": "Direct",
        "requested": "[0.5.0, 0.5.0]",
        "resolved": "0.5.0",
        "contentHash": "Yz4pVrDvb7HSa87XUiEhrNoE8/BqUAUqcp+o+ln2G48mQCuL5p7Na8uHJRrlSkQcgFPqv5XDHICns048HR+80w=="
      }
    }
  }
}