{
  "version": 1,
  "dependencies": {
    "net10.0": {
      "JAG.Capsule": {
        "type": "Direct",
        "requested": "[0.5.3, 0.5.3]",
        "resolved": "0.5.3",
        "contentHash": "qQ8KmtqMswDuer3oiXcoUDvbAMaBlEItcom37PmFFL1js9PaGEAvPSlRP7E9C0J4jf72AeqOHxib6gydSHoUPw=="
      }
    }
  }
}