{
  "version": 1,
  "dependencies": {
    "net10.0": {
      "JAG.Capsule": {
        "type": "Direct",
        "requested": "[0.6.0, 0.6.0]",
        "resolved": "0.6.0",
        "contentHash": "bQSW4Yu+HXmTgRry2zkRgp67AQ0t/mp7ivU6PYicJrG8R/T6HYkMGBdhrS7gqTTLdun70RLoSCyLThevP8i9qw=="
      }
    }
  }
}